<?xml version="1.0" encoding="utf-8"?>
<Project ToolsVersion="4.0" xmlns="http://schemas.microsoft.com/developer/msbuild/2003">
  <ItemGroup>
    <Filter Include="Resource Files">
      <UniqueIdentifier>{67DA6AB6-F800-4c08-8B7A-83BB121AAD01}</UniqueIdentifier>
      <Extensions>rc;ico;cur;bmp;dlg;rc2;rct;bin;rgs;gif;jpg;jpeg;jpe;resx;tiff;tif;png;wav;mfcribbon-ms</Extensions>
    </Filter>
  </ItemGroup>
  <ItemGroup>
    <Text Include="ReadMe.txt" />
  </ItemGroup>
  <ItemGroup>
    <ClInclude Include="ImageWatch.h" />
    <ClInclude Include="ImageWatchDlg.h" />
    <ClInclude Include="Resource.h" />
    <ClInclude Include="stdafx.h" />
    <ClInclude Include="targetver.h" />
    <ClInclude Include="BPCtrlAnchorMap.h" />
    <ClInclude Include="ImageWatchWindow.h" />
    <ClInclude Include="opencvgdiplus.h" />
    <ClInclude Include="simplematchscript.h" />
    <ClInclude Include="rectcontour.h" />
  </ItemGroup>
  <ItemGroup>
    <ClCompile Include="ImageWatch.cpp" />
    <ClCompile Include="ImageWatchDlg.cpp" />
    <ClCompile Include="stdafx.cpp" />
    <ClCompile Include="ImageWatchWindow.cpp" />
    <ClCompile Include="opencvgdiplus.cpp" />
    <ClCompile Include="simplematchscript.cpp" />
    <ClCompile Include="rectcontour.cpp" />
  </ItemGroup>
  <ItemGroup>
    <ResourceCompile Include="ImageWatch.rc">
      <Filter>Resource Files</Filter>
    </ResourceCompile>
  </ItemGroup>
  <ItemGroup>
    <None Include="res\ImageWatch.rc2">
      <Filter>Resource Files</Filter>
    </None>
  </ItemGroup>
  <ItemGroup>
    <Image Include="res\ImageWatch.ico">
      <Filter>Resource Files</Filter>
    </Image>
  </ItemGroup>
</Project>